
Microsoft Visual Studio Solution File, Format Version 12.00
# Visual Studio Version 17
VisualStudioVersion = 17.3.32929.385
MinimumVisualStudioVersion = 10.0.40219.1
Project("{FAE04EC0-301F-11D3-BF4B-00C04F79EFBC}") = "StringMembers2-Q1", "StringMember-Trim\StringMembers2-Q1.csproj", "{C4660115-3D2E-41A7-8417-04B25546F792}"
EndProject
Project("{FAE04EC0-301F-11D3-BF4B-00C04F79EFBC}") = "StringMembers2-Q2", "StringMember-ToUpper\StringMembers2-Q2.csproj", "{C85D6636-FFE7-4E93-B9C0-A2C3AD669278}"
EndProject
Project("{2150E333-8FDC-42A3-9474-1A3956D46DE8}") = "StringMember", "StringMember", "{1102FF51-AAB8-4CFF-9BF9-CAC266D38019}"
EndProject
Project("{FAE04EC0-301F-11D3-BF4B-00C04F79EFBC}") = "StringMembers2-Q3", "StringMember-FirstCharCapital\StringMembers2-Q3.csproj", "{D6D2773A-EC05-4E6E-8355-1A00C762FE50}"
EndProject
Project("{FAE04EC0-301F-11D3-BF4B-00C04F79EFBC}") = "StringMembers2-Q4", "StringMember-ROCyear\StringMembers2-Q4.csproj", "{D12631B2-774B-4230-9516-601388BD40D7}"
EndProject
Project("{FAE04EC0-301F-11D3-BF4B-00C04F79EFBC}") = "StringMembers2-Q5", "NameCheck(without capital)\StringMembers2-Q5.csproj", "{3FCAB473-8486-4800-951F-C452F5BE7F26}"
EndProject
Project("{FAE04EC0-301F-11D3-BF4B-00C04F79EFBC}") = "StringMembers2-Q6", "NameCheck\StringMembers2-Q6.csproj", "{3FA85A53-3477-4578-B1CA-E34B8E3ABF3E}"
EndProject
Project("{2150E333-8FDC-42A3-9474-1A3956D46DE8}") = "DateTime", "DateTime", "{DA506FA4-E355-45AD-9B82-8C66E8D23704}"
EndProject
Project("{FAE04EC0-301F-11D3-BF4B-00C04F79EFBC}") = "DateTime-Q1", "AddDays\DateTime-Q1.csproj", "{FC482CE0-9995-46BF-9245-7462AB22A379}"
EndProject
Project("{FAE04EC0-301F-11D3-BF4B-00C04F79EFBC}") = "DateTime-Q2", "AddMonths\DateTime-Q2.csproj", "{C464CAB8-3E1F-4E7B-8DA6-52D3B5ED36D7}"
EndProject
Project("{FAE04EC0-301F-11D3-BF4B-00C04F79EFBC}") = "DateTime-Q3", "First day of the month\DateTime-Q3.csproj", "{56434B01-A031-4155-A07C-F2BCE6B16ABC}"
EndProject
Project("{FAE04EC0-301F-11D3-BF4B-00C04F79EFBC}") = "DateTime-Q4", "Last day of the month\DateTime-Q4.csproj", "{9CAEDC6E-19C7-49BC-B78B-2095AE25BB97}"
EndProject
Project("{FAE04EC0-301F-11D3-BF4B-00C04F79EFBC}") = "DateTime-Q5", "Every Sunday in this year\DateTime-Q5.csproj", "{618BE513-CC3F-4D32-BE36-18DA6CD4D51C}"
EndProject
Project("{FAE04EC0-301F-11D3-BF4B-00C04F79EFBC}") = "DateTime-Q6", "DateTime-Q6\DateTime-Q6.csproj", "{A30481BC-7F10-4E5C-B505-E2021EBA91DF}"
EndProject
Project("{FAE04EC0-301F-11D3-BF4B-00C04F79EFBC}") = "DateTime-Q7", "DateTime-Q7\DateTime-Q7.csproj", "{37C408A7-895B-4E8D-B8DE-3DA1A670832B}"
EndProject
Project("{FAE04EC0-301F-11D3-BF4B-00C04F79EFBC}") = "StringMembers2-Q7", "StringMembers2-Q7\StringMembers2-Q7.csproj", "{50FA2871-B73D-4B79-A0AA-1C761A3B2539}"
EndProject
Project("{FAE04EC0-301F-11D3-BF4B-00C04F79EFBC}") = "StringMembers2-Q8", "StringMembers2-Q8\StringMembers2-Q8.csproj", "{77515E2B-C8BE-405B-9A61-E550BC014700}"
EndProject
Project("{FAE04EC0-301F-11D3-BF4B-00C04F79EFBC}") = "Number-Q4", "Number-Q4\Number-Q4.csproj", "{C801AF70-5E87-4734-8AF7-9CACEA0FEE7E}"
EndProject
Project("{2150E333-8FDC-42A3-9474-1A3956D46DE8}") = "Number", "Number", "{598E47F9-99E5-41DB-9F93-48BE11185784}"
EndProject
Project("{FAE04EC0-301F-11D3-BF4B-00C04F79EFBC}") = "Exec_NumberAdd", "..\Exec\Exec_NumberAdd\Exec_NumberAdd\Exec_NumberAdd.csproj", "{FC7629F9-2819-4D21-AF60-A319B1404CC7}"
EndProject
Project("{FAE04EC0-301F-11D3-BF4B-00C04F79EFBC}") = "Number-Q1", "Number-Q1\Number-Q1.csproj", "{0F34C954-0084-4F30-855C-62066BBD483A}"
EndProject
Project("{FAE04EC0-301F-11D3-BF4B-00C04F79EFBC}") = "Number-Q2", "Number-Q2\Number-Q2.csproj", "{E904A6DC-8E99-4363-ACE1-5E7543C95119}"
EndProject
Project("{FAE04EC0-301F-11D3-BF4B-00C04F79EFBC}") = "Number-Q3", "Number-\Number-Q3.csproj", "{2E3A101D-3090-433F-81E1-A70C4A89F490}"
EndProject
Global
	GlobalSection(SolutionConfigurationPlatforms) = preSolution
		Debug|Any CPU = Debug|Any CPU
		Release|Any CPU = Release|Any CPU
	EndGlobalSection
	GlobalSection(ProjectConfigurationPlatforms) = postSolution
		{C4660115-3D2E-41A7-8417-04B25546F792}.Debug|Any CPU.ActiveCfg = Debug|Any CPU
		{C4660115-3D2E-41A7-8417-04B25546F792}.Debug|Any CPU.Build.0 = Debug|Any CPU
		{C4660115-3D2E-41A7-8417-04B25546F792}.Release|Any CPU.ActiveCfg = Release|Any CPU
		{C4660115-3D2E-41A7-8417-04B25546F792}.Release|Any CPU.Build.0 = Release|Any CPU
		{C85D6636-FFE7-4E93-B9C0-A2C3AD669278}.Debug|Any CPU.ActiveCfg = Debug|Any CPU
		{C85D6636-FFE7-4E93-B9C0-A2C3AD669278}.Debug|Any CPU.Build.0 = Debug|Any CPU
		{C85D6636-FFE7-4E93-B9C0-A2C3AD669278}.Release|Any CPU.ActiveCfg = Release|Any CPU
		{C85D6636-FFE7-4E93-B9C0-A2C3AD669278}.Release|Any CPU.Build.0 = Release|Any CPU
		{D6D2773A-EC05-4E6E-8355-1A00C762FE50}.Debug|Any CPU.ActiveCfg = Debug|Any CPU
		{D6D2773A-EC05-4E6E-8355-1A00C762FE50}.Debug|Any CPU.Build.0 = Debug|Any CPU
		{D6D2773A-EC05-4E6E-8355-1A00C762FE50}.Release|Any CPU.ActiveCfg = Release|Any CPU
		{D6D2773A-EC05-4E6E-8355-1A00C762FE50}.Release|Any CPU.Build.0 = Release|Any CPU
		{D12631B2-774B-4230-9516-601388BD40D7}.Debug|Any CPU.ActiveCfg = Debug|Any CPU
		{D12631B2-774B-4230-9516-601388BD40D7}.Debug|Any CPU.Build.0 = Debug|Any CPU
		{D12631B2-774B-4230-9516-601388BD40D7}.Release|Any CPU.ActiveCfg = Release|Any CPU
		{D12631B2-774B-4230-9516-601388BD40D7}.Release|Any CPU.Build.0 = Release|Any CPU
		{3FCAB473-8486-4800-951F-C452F5BE7F26}.Debug|Any CPU.ActiveCfg = Debug|Any CPU
		{3FCAB473-8486-4800-951F-C452F5BE7F26}.Debug|Any CPU.Build.0 = Debug|Any CPU
		{3FCAB473-8486-4800-951F-C452F5BE7F26}.Release|Any CPU.ActiveCfg = Release|Any CPU
		{3FCAB473-8486-4800-951F-C452F5BE7F26}.Release|Any CPU.Build.0 = Release|Any CPU
		{3FA85A53-3477-4578-B1CA-E34B8E3ABF3E}.Debug|Any CPU.ActiveCfg = Debug|Any CPU
		{3FA85A53-3477-4578-B1CA-E34B8E3ABF3E}.Debug|Any CPU.Build.0 = Debug|Any CPU
		{3FA85A53-3477-4578-B1CA-E34B8E3ABF3E}.Release|Any CPU.ActiveCfg = Release|Any CPU
		{3FA85A53-3477-4578-B1CA-E34B8E3ABF3E}.Release|Any CPU.Build.0 = Release|Any CPU
		{FC482CE0-9995-46BF-9245-7462AB22A379}.Debug|Any CPU.ActiveCfg = Debug|Any CPU
		{FC482CE0-9995-46BF-9245-7462AB22A379}.Debug|Any CPU.Build.0 = Debug|Any CPU
		{FC482CE0-9995-46BF-9245-7462AB22A379}.Release|Any CPU.ActiveCfg = Release|Any CPU
		{FC482CE0-9995-46BF-9245-7462AB22A379}.Release|Any CPU.Build.0 = Release|Any CPU
		{C464CAB8-3E1F-4E7B-8DA6-52D3B5ED36D7}.Debug|Any CPU.ActiveCfg = Debug|Any CPU
		{C464CAB8-3E1F-4E7B-8DA6-52D3B5ED36D7}.Debug|Any CPU.Build.0 = Debug|Any CPU
		{C464CAB8-3E1F-4E7B-8DA6-52D3B5ED36D7}.Release|Any CPU.ActiveCfg = Release|Any CPU
		{C464CAB8-3E1F-4E7B-8DA6-52D3B5ED36D7}.Release|Any CPU.Build.0 = Release|Any CPU
		{56434B01-A031-4155-A07C-F2BCE6B16ABC}.Debug|Any CPU.ActiveCfg = Debug|Any CPU
		{56434B01-A031-4155-A07C-F2BCE6B16ABC}.Debug|Any CPU.Build.0 = Debug|Any CPU
		{56434B01-A031-4155-A07C-F2BCE6B16ABC}.Release|Any CPU.ActiveCfg = Release|Any CPU
		{56434B01-A031-4155-A07C-F2BCE6B16ABC}.Release|Any CPU.Build.0 = Release|Any CPU
		{9CAEDC6E-19C7-49BC-B78B-2095AE25BB97}.Debug|Any CPU.ActiveCfg = Debug|Any CPU
		{9CAEDC6E-19C7-49BC-B78B-2095AE25BB97}.Debug|Any CPU.Build.0 = Debug|Any CPU
		{9CAEDC6E-19C7-49BC-B78B-2095AE25BB97}.Release|Any CPU.ActiveCfg = Release|Any CPU
		{9CAEDC6E-19C7-49BC-B78B-2095AE25BB97}.Release|Any CPU.Build.0 = Release|Any CPU
		{618BE513-CC3F-4D32-BE36-18DA6CD4D51C}.Debug|Any CPU.ActiveCfg = Debug|Any CPU
		{618BE513-CC3F-4D32-BE36-18DA6CD4D51C}.Debug|Any CPU.Build.0 = Debug|Any CPU
		{618BE513-CC3F-4D32-BE36-18DA6CD4D51C}.Release|Any CPU.ActiveCfg = Release|Any CPU
		{618BE513-CC3F-4D32-BE36-18DA6CD4D51C}.Release|Any CPU.Build.0 = Release|Any CPU
		{A30481BC-7F10-4E5C-B505-E2021EBA91DF}.Debug|Any CPU.ActiveCfg = Debug|Any CPU
		{A30481BC-7F10-4E5C-B505-E2021EBA91DF}.Debug|Any CPU.Build.0 = Debug|Any CPU
		{A30481BC-7F10-4E5C-B505-E2021EBA91DF}.Release|Any CPU.ActiveCfg = Release|Any CPU
		{A30481BC-7F10-4E5C-B505-E2021EBA91DF}.Release|Any CPU.Build.0 = Release|Any CPU
		{37C408A7-895B-4E8D-B8DE-3DA1A670832B}.Debug|Any CPU.ActiveCfg = Debug|Any CPU
		{37C408A7-895B-4E8D-B8DE-3DA1A670832B}.Debug|Any CPU.Build.0 = Debug|Any CPU
		{37C408A7-895B-4E8D-B8DE-3DA1A670832B}.Release|Any CPU.ActiveCfg = Release|Any CPU
		{37C408A7-895B-4E8D-B8DE-3DA1A670832B}.Release|Any CPU.Build.0 = Release|Any CPU
		{50FA2871-B73D-4B79-A0AA-1C761A3B2539}.Debug|Any CPU.ActiveCfg = Debug|Any CPU
		{50FA2871-B73D-4B79-A0AA-1C761A3B2539}.Debug|Any CPU.Build.0 = Debug|Any CPU
		{50FA2871-B73D-4B79-A0AA-1C761A3B2539}.Release|Any CPU.ActiveCfg = Release|Any CPU
		{50FA2871-B73D-4B79-A0AA-1C761A3B2539}.Release|Any CPU.Build.0 = Release|Any CPU
		{77515E2B-C8BE-405B-9A61-E550BC014700}.Debug|Any CPU.ActiveCfg = Debug|Any CPU
		{77515E2B-C8BE-405B-9A61-E550BC014700}.Debug|Any CPU.Build.0 = Debug|Any CPU
		{77515E2B-C8BE-405B-9A61-E550BC014700}.Release|Any CPU.ActiveCfg = Release|Any CPU
		{77515E2B-C8BE-405B-9A61-E550BC014700}.Release|Any CPU.Build.0 = Release|Any CPU
		{C801AF70-5E87-4734-8AF7-9CACEA0FEE7E}.Debug|Any CPU.ActiveCfg = Debug|Any CPU
		{C801AF70-5E87-4734-8AF7-9CACEA0FEE7E}.Debug|Any CPU.Build.0 = Debug|Any CPU
		{C801AF70-5E87-4734-8AF7-9CACEA0FEE7E}.Release|Any CPU.ActiveCfg = Release|Any CPU
		{C801AF70-5E87-4734-8AF7-9CACEA0FEE7E}.Release|Any CPU.Build.0 = Release|Any CPU
		{FC7629F9-2819-4D21-AF60-A319B1404CC7}.Debug|Any CPU.ActiveCfg = Debug|Any CPU
		{FC7629F9-2819-4D21-AF60-A319B1404CC7}.Debug|Any CPU.Build.0 = Debug|Any CPU
		{FC7629F9-2819-4D21-AF60-A319B1404CC7}.Release|Any CPU.ActiveCfg = Release|Any CPU
		{FC7629F9-2819-4D21-AF60-A319B1404CC7}.Release|Any CPU.Build.0 = Release|Any CPU
		{0F34C954-0084-4F30-855C-62066BBD483A}.Debug|Any CPU.ActiveCfg = Debug|Any CPU
		{0F34C954-0084-4F30-855C-62066BBD483A}.Debug|Any CPU.Build.0 = Debug|Any CPU
		{0F34C954-0084-4F30-855C-62066BBD483A}.Release|Any CPU.ActiveCfg = Release|Any CPU
		{0F34C954-0084-4F30-855C-62066BBD483A}.Release|Any CPU.Build.0 = Release|Any CPU
		{E904A6DC-8E99-4363-ACE1-5E7543C95119}.Debug|Any CPU.ActiveCfg = Debug|Any CPU
		{E904A6DC-8E99-4363-ACE1-5E7543C95119}.Debug|Any CPU.Build.0 = Debug|Any CPU
		{E904A6DC-8E99-4363-ACE1-5E7543C95119}.Release|Any CPU.ActiveCfg = Release|Any CPU
		{E904A6DC-8E99-4363-ACE1-5E7543C95119}.Release|Any CPU.Build.0 = Release|Any CPU
		{2E3A101D-3090-433F-81E1-A70C4A89F490}.Debug|Any CPU.ActiveCfg = Debug|Any CPU
		{2E3A101D-3090-433F-81E1-A70C4A89F490}.Debug|Any CPU.Build.0 = Debug|Any CPU
		{2E3A101D-3090-433F-81E1-A70C4A89F490}.Release|Any CPU.ActiveCfg = Release|Any CPU
		{2E3A101D-3090-433F-81E1-A70C4A89F490}.Release|Any CPU.Build.0 = Release|Any CPU
	EndGlobalSection
	GlobalSection(SolutionProperties) = preSolution
		HideSolutionNode = FALSE
	EndGlobalSection
	GlobalSection(NestedProjects) = preSolution
		{C4660115-3D2E-41A7-8417-04B25546F792} = {1102FF51-AAB8-4CFF-9BF9-CAC266D38019}
		{C85D6636-FFE7-4E93-B9C0-A2C3AD669278} = {1102FF51-AAB8-4CFF-9BF9-CAC266D38019}
		{D6D2773A-EC05-4E6E-8355-1A00C762FE50} = {1102FF51-AAB8-4CFF-9BF9-CAC266D38019}
		{D12631B2-774B-4230-9516-601388BD40D7} = {1102FF51-AAB8-4CFF-9BF9-CAC266D38019}
		{3FCAB473-8486-4800-951F-C452F5BE7F26} = {1102FF51-AAB8-4CFF-9BF9-CAC266D38019}
		{3FA85A53-3477-4578-B1CA-E34B8E3ABF3E} = {1102FF51-AAB8-4CFF-9BF9-CAC266D38019}
		{FC482CE0-9995-46BF-9245-7462AB22A379} = {DA506FA4-E355-45AD-9B82-8C66E8D23704}
		{C464CAB8-3E1F-4E7B-8DA6-52D3B5ED36D7} = {DA506FA4-E355-45AD-9B82-8C66E8D23704}
		{56434B01-A031-4155-A07C-F2BCE6B16ABC} = {DA506FA4-E355-45AD-9B82-8C66E8D23704}
		{9CAEDC6E-19C7-49BC-B78B-2095AE25BB97} = {DA506FA4-E355-45AD-9B82-8C66E8D23704}
		{618BE513-CC3F-4D32-BE36-18DA6CD4D51C} = {DA506FA4-E355-45AD-9B82-8C66E8D23704}
		{A30481BC-7F10-4E5C-B505-E2021EBA91DF} = {DA506FA4-E355-45AD-9B82-8C66E8D23704}
		{37C408A7-895B-4E8D-B8DE-3DA1A670832B} = {DA506FA4-E355-45AD-9B82-8C66E8D23704}
		{50FA2871-B73D-4B79-A0AA-1C761A3B2539} = {1102FF51-AAB8-4CFF-9BF9-CAC266D38019}
		{77515E2B-C8BE-405B-9A61-E550BC014700} = {1102FF51-AAB8-4CFF-9BF9-CAC266D38019}
		{C801AF70-5E87-4734-8AF7-9CACEA0FEE7E} = {598E47F9-99E5-41DB-9F93-48BE11185784}
		{0F34C954-0084-4F30-855C-62066BBD483A} = {598E47F9-99E5-41DB-9F93-48BE11185784}
		{E904A6DC-8E99-4363-ACE1-5E7543C95119} = {598E47F9-99E5-41DB-9F93-48BE11185784}
		{2E3A101D-3090-433F-81E1-A70C4A89F490} = {598E47F9-99E5-41DB-9F93-48BE11185784}
	EndGlobalSection
	GlobalSection(ExtensibilityGlobals) = postSolution
		SolutionGuid = {7375F243-97FA-43C9-9F33-24741D0C1F07}
	EndGlobalSection
EndGlobal
